
Microsoft Visual Studio Solution File, Format Version 12.00
# Visual Studio Version 17
VisualStudioVersion = 17.3.32901.215
MinimumVisualStudioVersion = 10.0.40219.1
Project("{FAE04EC0-301F-11D3-BF4B-00C04F79EFBC}") = "AbbyWeb", "AbbyWeb\AbbyWeb.csproj", "{53CDDE94-D1BF-4B76-83F1-51F494A64D05}"
EndProject
Global
	GlobalSection(SolutionConfigurationPlatforms) = preSolution
		Debug|Any CPU = Debug|Any CPU
		Release|Any CPU = Release|Any CPU
	EndGlobalSection
	GlobalSection(ProjectConfigurationPlatforms) = postSolution
		{53CDDE94-D1BF-4B76-83F1-51F494A64D05}.Debug|Any CPU.ActiveCfg = Debug|Any CPU
		{53CDDE94-D1BF-4B76-83F1-51F494A64D05}.Debug|Any CPU.Build.0 = Debug|Any CPU
		{53CDDE94-D1BF-4B76-83F1-51F494A64D05}.Release|Any CPU.ActiveCfg = Release|Any CPU
		{53CDDE94-D1BF-4B76-83F1-51F494A64D05}.Release|Any CPU.Build.0 = Release|Any CPU
	EndGlobalSection
	GlobalSection(SolutionProperties) = preSolution
		HideSolutionNode = FALSE
	EndGlobalSection
	GlobalSection(ExtensibilityGlobals) = postSolution
		SolutionGuid = {76365D11-FADB-417E-B5F1-D0839168D761}
	EndGlobalSection
EndGlobal
